
Microsoft Visual Studio Solution File, Format Version 12.00
# Visual Studio Version 16
VisualStudioVersion = 16.0.28922.388
MinimumVisualStudioVersion = 10.0.40219.1
Project("{FAE04EC0-301F-11D3-BF4B-00C04F79EFBC}") = "Decoupled", "Decoupled\Decoupled.csproj", "{1502C1F3-537C-4880-BB0B-38D4FA3A1584}"
EndProject
Project("{FAE04EC0-301F-11D3-BF4B-00C04F79EFBC}") = "FormsUI", "FormsUI\FormsUI.csproj", "{13E68099-87AE-4FA9-A831-166282BFD949}"
EndProject
Global
	GlobalSection(SolutionConfigurationPlatforms) = preSolution
		Debug|Any CPU = Debug|Any CPU
		Release|Any CPU = Release|Any CPU
	EndGlobalSection
	GlobalSection(ProjectConfigurationPlatforms) = postSolution
		{1502C1F3-537C-4880-BB0B-38D4FA3A1584}.Debug|Any CPU.ActiveCfg = Debug|Any CPU
		{1502C1F3-537C-4880-BB0B-38D4FA3A1584}.Debug|Any CPU.Build.0 = Debug|Any CPU
		{1502C1F3-537C-4880-BB0B-38D4FA3A1584}.Release|Any CPU.ActiveCfg = Release|Any CPU
		{1502C1F3-537C-4880-BB0B-38D4FA3A1584}.Release|Any CPU.Build.0 = Release|Any CPU
		{13E68099-87AE-4FA9-A831-166282BFD949}.Debug|Any CPU.ActiveCfg = Debug|Any CPU
		{13E68099-87AE-4FA9-A831-166282BFD949}.Debug|Any CPU.Build.0 = Debug|Any CPU
		{13E68099-87AE-4FA9-A831-166282BFD949}.Release|Any CPU.ActiveCfg = Release|Any CPU
		{13E68099-87AE-4FA9-A831-166282BFD949}.Release|Any CPU.Build.0 = Release|Any CPU
	EndGlobalSection
	GlobalSection(SolutionProperties) = preSolution
		HideSolutionNode = FALSE
	EndGlobalSection
	GlobalSection(ExtensibilityGlobals) = postSolution
		SolutionGuid = {B74E8D9D-505E-41CF-9C4D-BA3657D2B0BC}
	EndGlobalSection
EndGlobal
